// !$*UTF8*$!
{
	archiveVersion = 1;
	classes = {
	};
	objectVersion = 55;
	objects = {

/* Begin PBXBuildFile section */
		2E3C129C6332A103EA224F25 /* Pods_Netflix.framework in Frameworks */ = {isa = PBXBuildFile; fileRef = C658F99AF926FCECCF5F9A14 /* Pods_Netflix.framework */; };
		DF2C8FA32889CBE300882A7D /* TableHeader.swift in Sources */ = {isa = PBXBuildFile; fileRef = DF2C8FA22889CBE300882A7D /* TableHeader.swift */; };
		DF2E921D28855E38008E651D /* CollectionViewTableViewCell.swift in Sources */ = {isa = PBXBuildFile; fileRef = DF2E921C28855E38008E651D /* CollectionViewTableViewCell.swift */; };
		DF2E921F28856466008E651D /* Extensions.swift in Sources */ = {isa = PBXBuildFile; fileRef = DF2E921E28856466008E651D /* Extensions.swift */; };
		DF4A51A8288A8F6B00FDA783 /* TitleCollectionViewCell.swift in Sources */ = {isa = PBXBuildFile; fileRef = DF4A51A7288A8F6B00FDA783 /* TitleCollectionViewCell.swift */; };
		DF5366DD28854E7300C07F42 /* AppDelegate.swift in Sources */ = {isa = PBXBuildFile; fileRef = DF5366DC28854E7300C07F42 /* AppDelegate.swift */; };
		DF5366DF28854E7300C07F42 /* SceneDelegate.swift in Sources */ = {isa = PBXBuildFile; fileRef = DF5366DE28854E7300C07F42 /* SceneDelegate.swift */; };
		DF5366E128854E7300C07F42 /* MainTabBarViewController.swift in Sources */ = {isa = PBXBuildFile; fileRef = DF5366E028854E7300C07F42 /* MainTabBarViewController.swift */; };
		DF5366E628854E7300C07F42 /* Assets.xcassets in Resources */ = {isa = PBXBuildFile; fileRef = DF5366E528854E7300C07F42 /* Assets.xcassets */; };
		DF5366E928854E7300C07F42 /* LaunchScreen.storyboard in Resources */ = {isa = PBXBuildFile; fileRef = DF5366E728854E7300C07F42 /* LaunchScreen.storyboard */; };
		DF5366F22885501000C07F42 /* HomeViewController.swift in Sources */ = {isa = PBXBuildFile; fileRef = DF5366F12885501000C07F42 /* HomeViewController.swift */; };
		DF5366F42885503900C07F42 /* UpcomingViewController.swift in Sources */ = {isa = PBXBuildFile; fileRef = DF5366F32885503900C07F42 /* UpcomingViewController.swift */; };
		DF5366F62885505800C07F42 /* SearchViewController.swift in Sources */ = {isa = PBXBuildFile; fileRef = DF5366F52885505800C07F42 /* SearchViewController.swift */; };
		DF5366F82885507E00C07F42 /* DownloadsViewController.swift in Sources */ = {isa = PBXBuildFile; fileRef = DF5366F72885507E00C07F42 /* DownloadsViewController.swift */; };
		DF63423F288971F000F886E5 /* APICaller.swift in Sources */ = {isa = PBXBuildFile; fileRef = DF63423E288971F000F886E5 /* APICaller.swift */; };
		DF6342412889785F00F886E5 /* Title.swift in Sources */ = {isa = PBXBuildFile; fileRef = DF6342402889785F00F886E5 /* Title.swift */; };
		DFB48995288827C200097B32 /* LogoPresentViewController.swift in Sources */ = {isa = PBXBuildFile; fileRef = DFB48994288827C200097B32 /* LogoPresentViewController.swift */; };
		DFB714052885B85800A87FBC /* HeroHeader.swift in Sources */ = {isa = PBXBuildFile; fileRef = DFB714042885B85800A87FBC /* HeroHeader.swift */; };
/* End PBXBuildFile section */

/* Begin PBXFileReference section */
		083153BFA6297A6E4A421B7C /* Pods-Netflix.debug.xcconfig */ = {isa = PBXFileReference; includeInIndex = 1; lastKnownFileType = text.xcconfig; name = "Pods-Netflix.debug.xcconfig"; path = "Target Support Files/Pods-Netflix/Pods-Netflix.debug.xcconfig"; sourceTree = "<group>"; };
		C658F99AF926FCECCF5F9A14 /* Pods_Netflix.framework */ = {isa = PBXFileReference; explicitFileType = wrapper.framework; includeInIndex = 0; path = Pods_Netflix.framework; sourceTree = BUILT_PRODUCTS_DIR; };
		DF2C8FA22889CBE300882A7D /* TableHeader.swift */ = {isa = PBXFileReference; lastKnownFileType = sourcecode.swift; path = TableHeader.swift; sourceTree = "<group>"; };
		DF2E921C28855E38008E651D /* CollectionViewTableViewCell.swift */ = {isa = PBXFileReference; lastKnownFileType = sourcecode.swift; path = CollectionViewTableViewCell.swift; sourceTree = "<group>"; };
		DF2E921E28856466008E651D /* Extensions.swift */ = {isa = PBXFileReference; lastKnownFileType = sourcecode.swift; path = Extensions.swift; sourceTree = "<group>"; };
		DF4A51A7288A8F6B00FDA783 /* TitleCollectionViewCell.swift */ = {isa = PBXFileReference; lastKnownFileType = sourcecode.swift; path = TitleCollectionViewCell.swift; sourceTree = "<group>"; };
		DF5366D928854E7300C07F42 /* Netflix.app */ = {isa = PBXFileReference; explicitFileType = wrapper.application; includeInIndex = 0; path = Netflix.app; sourceTree = BUILT_PRODUCTS_DIR; };
		DF5366DC28854E7300C07F42 /* AppDelegate.swift */ = {isa = PBXFileReference; lastKnownFileType = sourcecode.swift; path = AppDelegate.swift; sourceTree = "<group>"; };
		DF5366DE28854E7300C07F42 /* SceneDelegate.swift */ = {isa = PBXFileReference; lastKnownFileType = sourcecode.swift; path = SceneDelegate.swift; sourceTree = "<group>"; };
		DF5366E028854E7300C07F42 /* MainTabBarViewController.swift */ = {isa = PBXFileReference; lastKnownFileType = sourcecode.swift; path = MainTabBarViewController.swift; sourceTree = "<group>"; };
		DF5366E528854E7300C07F42 /* Assets.xcassets */ = {isa = PBXFileReference; lastKnownFileType = folder.assetcatalog; path = Assets.xcassets; sourceTree = "<group>"; };
		DF5366E828854E7300C07F42 /* Base */ = {isa = PBXFileReference; lastKnownFileType = file.storyboard; name = Base; path = Base.lproj/LaunchScreen.storyboard; sourceTree = "<group>"; };
		DF5366EA28854E7300C07F42 /* Info.plist */ = {isa = PBXFileReference; lastKnownFileType = text.plist.xml; path = Info.plist; sourceTree = "<group>"; };
		DF5366F12885501000C07F42 /* HomeViewController.swift */ = {isa = PBXFileReference; lastKnownFileType = sourcecode.swift; path = HomeViewController.swift; sourceTree = "<group>"; };
		DF5366F32885503900C07F42 /* UpcomingViewController.swift */ = {isa = PBXFileReference; lastKnownFileType = sourcecode.swift; path = UpcomingViewController.swift; sourceTree = "<group>"; };
		DF5366F52885505800C07F42 /* SearchViewController.swift */ = {isa = PBXFileReference; lastKnownFileType = sourcecode.swift; path = SearchViewController.swift; sourceTree = "<group>"; };
		DF5366F72885507E00C07F42 /* DownloadsViewController.swift */ = {isa = PBXFileReference; lastKnownFileType = sourcecode.swift; path = DownloadsViewController.swift; sourceTree = "<group>"; };
		DF63423E288971F000F886E5 /* APICaller.swift */ = {isa = PBXFileReference; lastKnownFileType = sourcecode.swift; path = APICaller.swift; sourceTree = "<group>"; };
		DF6342402889785F00F886E5 /* Title.swift */ = {isa = PBXFileReference; lastKnownFileType = sourcecode.swift; path = Title.swift; sourceTree = "<group>"; };
		DFB48994288827C200097B32 /* LogoPresentViewController.swift */ = {isa = PBXFileReference; lastKnownFileType = sourcecode.swift; path = LogoPresentViewController.swift; sourceTree = "<group>"; };
		DFB714042885B85800A87FBC /* HeroHeader.swift */ = {isa = PBXFileReference; lastKnownFileType = sourcecode.swift; path = HeroHeader.swift; sourceTree = "<group>"; };
		F4FA09D3FDDFF9C36084E4F5 /* Pods-Netflix.release.xcconfig */ = {isa = PBXFileReference; includeInIndex = 1; lastKnownFileType = text.xcconfig; name = "Pods-Netflix.release.xcconfig"; path = "Target Support Files/Pods-Netflix/Pods-Netflix.release.xcconfig"; sourceTree = "<group>"; };
/* End PBXFileReference section */

/* Begin PBXFrameworksBuildPhase section */
		DF5366D628854E7300C07F42 /* Frameworks */ = {
			isa = PBXFrameworksBuildPhase;
			buildActionMask = 2147483647;
			files = (
				2E3C129C6332A103EA224F25 /* Pods_Netflix.framework in Frameworks */,
			);
			runOnlyForDeploymentPostprocessing = 0;
		};
/* End PBXFrameworksBuildPhase section */

/* Begin PBXGroup section */
		48B7FF9B1DA83D1B47029FA3 /* Frameworks */ = {
			isa = PBXGroup;
			children = (
				C658F99AF926FCECCF5F9A14 /* Pods_Netflix.framework */,
			);
			name = Frameworks;
			sourceTree = "<group>";
		};
		61CE92EE9869237A3582014A /* Pods */ = {
			isa = PBXGroup;
			children = (
				083153BFA6297A6E4A421B7C /* Pods-Netflix.debug.xcconfig */,
				F4FA09D3FDDFF9C36084E4F5 /* Pods-Netflix.release.xcconfig */,
			);
			name = Pods;
			path = Pods;
			sourceTree = "<group>";
		};
		DF2E921428855D49008E651D /* Views */ = {
			isa = PBXGroup;
			children = (
				DF2E921C28855E38008E651D /* CollectionViewTableViewCell.swift */,
				DFB714042885B85800A87FBC /* HeroHeader.swift */,
				DF2C8FA22889CBE300882A7D /* TableHeader.swift */,
				DF4A51A7288A8F6B00FDA783 /* TitleCollectionViewCell.swift */,
			);
			path = Views;
			sourceTree = "<group>";
		};
		DF2E921728855D5F008E651D /* ViewModels */ = {
			isa = PBXGroup;
			children = (
			);
			path = ViewModels;
			sourceTree = "<group>";
		};
		DF2E921828855D77008E651D /* Models */ = {
			isa = PBXGroup;
			children = (
				DF6342402889785F00F886E5 /* Title.swift */,
			);
			path = Models;
			sourceTree = "<group>";
		};
		DF2E921928855DCD008E651D /* Resources */ = {
			isa = PBXGroup;
			children = (
				DF5366DC28854E7300C07F42 /* AppDelegate.swift */,
				DF5366DE28854E7300C07F42 /* SceneDelegate.swift */,
				DF5366E528854E7300C07F42 /* Assets.xcassets */,
				DF5366E728854E7300C07F42 /* LaunchScreen.storyboard */,
				DF2E921E28856466008E651D /* Extensions.swift */,
			);
			path = Resources;
			sourceTree = "<group>";
		};
		DF2E921A28855DE0008E651D /* Managers */ = {
			isa = PBXGroup;
			children = (
				DF63423E288971F000F886E5 /* APICaller.swift */,
			);
			path = Managers;
			sourceTree = "<group>";
		};
		DF5366D028854E7300C07F42 = {
			isa = PBXGroup;
			children = (
				DF5366DB28854E7300C07F42 /* Netflix */,
				DF5366DA28854E7300C07F42 /* Products */,
				61CE92EE9869237A3582014A /* Pods */,
				48B7FF9B1DA83D1B47029FA3 /* Frameworks */,
			);
			sourceTree = "<group>";
		};
		DF5366DA28854E7300C07F42 /* Products */ = {
			isa = PBXGroup;
			children = (
				DF5366D928854E7300C07F42 /* Netflix.app */,
			);
			name = Products;
			sourceTree = "<group>";
		};
		DF5366DB28854E7300C07F42 /* Netflix */ = {
			isa = PBXGroup;
			children = (
				DF2E921A28855DE0008E651D /* Managers */,
				DF2E921928855DCD008E651D /* Resources */,
				DF2E921828855D77008E651D /* Models */,
				DF2E921428855D49008E651D /* Views */,
				DF2E921728855D5F008E651D /* ViewModels */,
				DF5366F028854FF400C07F42 /* Controllers */,
				DF5366EA28854E7300C07F42 /* Info.plist */,
			);
			path = Netflix;
			sourceTree = "<group>";
		};
		DF5366F028854FF400C07F42 /* Controllers */ = {
			isa = PBXGroup;
			children = (
				DF5366F12885501000C07F42 /* HomeViewController.swift */,
				DF5366F32885503900C07F42 /* UpcomingViewController.swift */,
				DF5366F52885505800C07F42 /* SearchViewController.swift */,
				DF5366F72885507E00C07F42 /* DownloadsViewController.swift */,
				DF5366E028854E7300C07F42 /* MainTabBarViewController.swift */,
				DFB48994288827C200097B32 /* LogoPresentViewController.swift */,
			);
			path = Controllers;
			sourceTree = "<group>";
		};
/* End PBXGroup section */

/* Begin PBXNativeTarget section */
		DF5366D828854E7300C07F42 /* Netflix */ = {
			isa = PBXNativeTarget;
			buildConfigurationList = DF5366ED28854E7300C07F42 /* Build configuration list for PBXNativeTarget "Netflix" */;
			buildPhases = (
				BC19AE5A0FAE0BD910E0E05C /* [CP] Check Pods Manifest.lock */,
				DF5366D528854E7300C07F42 /* Sources */,
				DF5366D628854E7300C07F42 /* Frameworks */,
				DF5366D728854E7300C07F42 /* Resources */,
				3EE3C544ACC2F5239EE17621 /* [CP] Embed Pods Frameworks */,
			);
			buildRules = (
			);
			dependencies = (
			);
			name = Netflix;
			productName = Netflix;
			productReference = DF5366D928854E7300C07F42 /* Netflix.app */;
			productType = "com.apple.product-type.application";
		};
/* End PBXNativeTarget section */

/* Begin PBXProject section */
		DF5366D128854E7300C07F42 /* Project object */ = {
			isa = PBXProject;
			attributes = {
				BuildIndependentTargetsInParallel = 1;
				LastSwiftUpdateCheck = 1340;
				LastUpgradeCheck = 1340;
				TargetAttributes = {
					DF5366D828854E7300C07F42 = {
						CreatedOnToolsVersion = 13.4.1;
					};
				};
			};
			buildConfigurationList = DF5366D428854E7300C07F42 /* Build configuration list for PBXProject "Netflix" */;
			compatibilityVersion = "Xcode 13.0";
			developmentRegion = en;
			hasScannedForEncodings = 0;
			knownRegions = (
				en,
				Base,
			);
			mainGroup = DF5366D028854E7300C07F42;
			productRefGroup = DF5366DA28854E7300C07F42 /* Products */;
			projectDirPath = "";
			projectRoot = "";
			targets = (
				DF5366D828854E7300C07F42 /* Netflix */,
			);
		};
/* End PBXProject section */

/* Begin PBXResourcesBuildPhase section */
		DF5366D728854E7300C07F42 /* Resources */ = {
			isa = PBXResourcesBuildPhase;
			buildActionMask = 2147483647;
			files = (
				DF5366E928854E7300C07F42 /* LaunchScreen.storyboard in Resources */,
				DF5366E628854E7300C07F42 /* Assets.xcassets in Resources */,
			);
			runOnlyForDeploymentPostprocessing = 0;
		};
/* End PBXResourcesBuildPhase section */

/* Begin PBXShellScriptBuildPhase section */
		3EE3C544ACC2F5239EE17621 /* [CP] Embed Pods Frameworks */ = {
			isa = PBXShellScriptBuildPhase;
			buildActionMask = 2147483647;
			files = (
			);
			inputFileListPaths = (
				"${PODS_ROOT}/Target Support Files/Pods-Netflix/Pods-Netflix-frameworks-${CONFIGURATION}-input-files.xcfilelist",
			);
			name = "[CP] Embed Pods Frameworks";
			outputFileListPaths = (
				"${PODS_ROOT}/Target Support Files/Pods-Netflix/Pods-Netflix-frameworks-${CONFIGURATION}-output-files.xcfilelist",
			);
			runOnlyForDeploymentPostprocessing = 0;
			shellPath = /bin/sh;
			shellScript = "\"${PODS_ROOT}/Target Support Files/Pods-Netflix/Pods-Netflix-frameworks.sh\"\n";
			showEnvVarsInLog = 0;
		};
		BC19AE5A0FAE0BD910E0E05C /* [CP] Check Pods Manifest.lock */ = {
			isa = PBXShellScriptBuildPhase;
			buildActionMask = 2147483647;
			files = (
			);
			inputFileListPaths = (
			);
			inputPaths = (
				"${PODS_PODFILE_DIR_PATH}/Podfile.lock",
				"${PODS_ROOT}/Manifest.lock",
			);
			name = "[CP] Check Pods Manifest.lock";
			outputFileListPaths = (
			);
			outputPaths = (
				"$(DERIVED_FILE_DIR)/Pods-Netflix-checkManifestLockResult.txt",
			);
			runOnlyForDeploymentPostprocessing = 0;
			shellPath = /bin/sh;
			shellScript = "diff \"${PODS_PODFILE_DIR_PATH}/Podfile.lock\" \"${PODS_ROOT}/Manifest.lock\" > /dev/null\nif [ $? != 0 ] ; then\n    # print error to STDERR\n    echo \"error: The sandbox is not in sync with the Podfile.lock. Run 'pod install' or update your CocoaPods installation.\" >&2\n    exit 1\nfi\n# This output is used by Xcode 'outputs' to avoid re-running this script phase.\necho \"SUCCESS\" > \"${SCRIPT_OUTPUT_FILE_0}\"\n";
			showEnvVarsInLog = 0;
		};
/* End PBXShellScriptBuildPhase section */

/* Begin PBXSourcesBuildPhase section */
		DF5366D528854E7300C07F42 /* Sources */ = {
			isa = PBXSourcesBuildPhase;
			buildActionMask = 2147483647;
			files = (
				DF5366F62885505800C07F42 /* SearchViewController.swift in Sources */,
				DFB714052885B85800A87FBC /* HeroHeader.swift in Sources */,
				DF2E921F28856466008E651D /* Extensions.swift in Sources */,
				DF5366E128854E7300C07F42 /* MainTabBarViewController.swift in Sources */,
				DF2E921D28855E38008E651D /* CollectionViewTableViewCell.swift in Sources */,
				DF5366F82885507E00C07F42 /* DownloadsViewController.swift in Sources */,
				DF2C8FA32889CBE300882A7D /* TableHeader.swift in Sources */,
				DF5366DD28854E7300C07F42 /* AppDelegate.swift in Sources */,
				DF63423F288971F000F886E5 /* APICaller.swift in Sources */,
				DF6342412889785F00F886E5 /* Title.swift in Sources */,
				DF5366DF28854E7300C07F42 /* SceneDelegate.swift in Sources */,
				DF5366F42885503900C07F42 /* UpcomingViewController.swift in Sources */,
				DF4A51A8288A8F6B00FDA783 /* TitleCollectionViewCell.swift in Sources */,
				DF5366F22885501000C07F42 /* HomeViewController.swift in Sources */,
				DFB48995288827C200097B32 /* LogoPresentViewController.swift in Sources */,
			);
			runOnlyForDeploymentPostprocessing = 0;
		};
/* End PBXSourcesBuildPhase section */

/* Begin PBXVariantGroup section */
		DF5366E728854E7300C07F42 /* LaunchScreen.storyboard */ = {
			isa = PBXVariantGroup;
			children = (
				DF5366E828854E7300C07F42 /* Base */,
			);
			name = LaunchScreen.storyboard;
			sourceTree = "<group>";
		};
/* End PBXVariantGroup section */

/* Begin XCBuildConfiguration section */
		DF5366EB28854E7300C07F42 /* Debug */ = {
			isa = XCBuildConfiguration;
			buildSettings = {
				ALWAYS_SEARCH_USER_PATHS = NO;
				CLANG_ANALYZER_NONNULL = YES;
				CLANG_ANALYZER_NUMBER_OBJECT_CONVERSION = YES_AGGRESSIVE;
				CLANG_CXX_LANGUAGE_STANDARD = "gnu++17";
				CLANG_ENABLE_MODULES = YES;
				CLANG_ENABLE_OBJC_ARC = YES;
				CLANG_ENABLE_OBJC_WEAK = YES;
				CLANG_WARN_BLOCK_CAPTURE_AUTORELEASING = YES;
				CLANG_WARN_BOOL_CONVERSION = YES;
				CLANG_WARN_COMMA = YES;
				CLANG_WARN_CONSTANT_CONVERSION = YES;
				CLANG_WARN_DEPRECATED_OBJC_IMPLEMENTATIONS = YES;
				CLANG_WARN_DIRECT_OBJC_ISA_USAGE = YES_ERROR;
				CLANG_WARN_DOCUMENTATION_COMMENTS = YES;
				CLANG_WARN_EMPTY_BODY = YES;
				CLANG_WARN_ENUM_CONVERSION = YES;
				CLANG_WARN_INFINITE_RECURSION = YES;
				CLANG_WARN_INT_CONVERSION = YES;
				CLANG_WARN_NON_LITERAL_NULL_CONVERSION = YES;
				CLANG_WARN_OBJC_IMPLICIT_RETAIN_SELF = YES;
				CLANG_WARN_OBJC_LITERAL_CONVERSION = YES;
				CLANG_WARN_OBJC_ROOT_CLASS = YES_ERROR;
				CLANG_WARN_QUOTED_INCLUDE_IN_FRAMEWORK_HEADER = YES;
				CLANG_WARN_RANGE_LOOP_ANALYSIS = YES;
				CLANG_WARN_STRICT_PROTOTYPES = YES;
				CLANG_WARN_SUSPICIOUS_MOVE = YES;
				CLANG_WARN_UNGUARDED_AVAILABILITY = YES_AGGRESSIVE;
				CLANG_WARN_UNREACHABLE_CODE = YES;
				CLANG_WARN__DUPLICATE_METHOD_MATCH = YES;
				COPY_PHASE_STRIP = NO;
				DEBUG_INFORMATION_FORMAT = dwarf;
				ENABLE_STRICT_OBJC_MSGSEND = YES;
				ENABLE_TESTABILITY = YES;
				GCC_C_LANGUAGE_STANDARD = gnu11;
				GCC_DYNAMIC_NO_PIC = NO;
				GCC_NO_COMMON_BLOCKS = YES;
				GCC_OPTIMIZATION_LEVEL = 0;
				GCC_PREPROCESSOR_DEFINITIONS = (
					"DEBUG=1",
					"$(inherited)",
				);
				GCC_WARN_64_TO_32_BIT_CONVERSION = YES;
				GCC_WARN_ABOUT_RETURN_TYPE = YES_ERROR;
				GCC_WARN_UNDECLARED_SELECTOR = YES;
				GCC_WARN_UNINITIALIZED_AUTOS = YES_AGGRESSIVE;
				GCC_WARN_UNUSED_FUNCTION = YES;
				GCC_WARN_UNUSED_VARIABLE = YES;
				IPHONEOS_DEPLOYMENT_TARGET = 15.5;
				MTL_ENABLE_DEBUG_INFO = INCLUDE_SOURCE;
				MTL_FAST_MATH = YES;
				ONLY_ACTIVE_ARCH = YES;
				SDKROOT = iphoneos;
				SWIFT_ACTIVE_COMPILATION_CONDITIONS = DEBUG;
				SWIFT_OPTIMIZATION_LEVEL = "-Onone";
			};
			name = Debug;
		};
		DF5366EC28854E7300C07F42 /* Release */ = {
			isa = XCBuildConfiguration;
			buildSettings = {
				ALWAYS_SEARCH_USER_PATHS = NO;
				CLANG_ANALYZER_NONNULL = YES;
				CLANG_ANALYZER_NUMBER_OBJECT_CONVERSION = YES_AGGRESSIVE;
				CLANG_CXX_LANGUAGE_STANDARD = "gnu++17";
				CLANG_ENABLE_MODULES = YES;
				CLANG_ENABLE_OBJC_ARC = YES;
				CLANG_ENABLE_OBJC_WEAK = YES;
				CLANG_WARN_BLOCK_CAPTURE_AUTORELEASING = YES;
				CLANG_WARN_BOOL_CONVERSION = YES;
				CLANG_WARN_COMMA = YES;
				CLANG_WARN_CONSTANT_CONVERSION = YES;
				CLANG_WARN_DEPRECATED_OBJC_IMPLEMENTATIONS = YES;
				CLANG_WARN_DIRECT_OBJC_ISA_USAGE = YES_ERROR;
				CLANG_WARN_DOCUMENTATION_COMMENTS = YES;
				CLANG_WARN_EMPTY_BODY = YES;
				CLANG_WARN_ENUM_CONVERSION = YES;
				CLANG_WARN_INFINITE_RECURSION = YES;
				CLANG_WARN_INT_CONVERSION = YES;
				CLANG_WARN_NON_LITERAL_NULL_CONVERSION = YES;
				CLANG_WARN_OBJC_IMPLICIT_RETAIN_SELF = YES;
				CLANG_WARN_OBJC_LITERAL_CONVERSION = YES;
				CLANG_WARN_OBJC_ROOT_CLASS = YES_ERROR;
				CLANG_WARN_QUOTED_INCLUDE_IN_FRAMEWORK_HEADER = YES;
				CLANG_WARN_RANGE_LOOP_ANALYSIS = YES;
				CLANG_WARN_STRICT_PROTOTYPES = YES;
				CLANG_WARN_SUSPICIOUS_MOVE = YES;
				CLANG_WARN_UNGUARDED_AVAILABILITY = YES_AGGRESSIVE;
				CLANG_WARN_UNREACHABLE_CODE = YES;
				CLANG_WARN__DUPLICATE_METHOD_MATCH = YES;
				COPY_PHASE_STRIP = NO;
				DEBUG_INFORMATION_FORMAT = "dwarf-with-dsym";
				ENABLE_NS_ASSERTIONS = NO;
				ENABLE_STRICT_OBJC_MSGSEND = YES;
				GCC_C_LANGUAGE_STANDARD = gnu11;
				GCC_NO_COMMON_BLOCKS = YES;
				GCC_WARN_64_TO_32_BIT_CONVERSION = YES;
				GCC_WARN_ABOUT_RETURN_TYPE = YES_ERROR;
				GCC_WARN_UNDECLARED_SELECTOR = YES;
				GCC_WARN_UNINITIALIZED_AUTOS = YES_AGGRESSIVE;
				GCC_WARN_UNUSED_FUNCTION = YES;
				GCC_WARN_UNUSED_VARIABLE = YES;
				IPHONEOS_DEPLOYMENT_TARGET = 15.5;
				MTL_ENABLE_DEBUG_INFO = NO;
				MTL_FAST_MATH = YES;
				SDKROOT = iphoneos;
				SWIFT_COMPILATION_MODE = wholemodule;
				SWIFT_OPTIMIZATION_LEVEL = "-O";
				VALIDATE_PRODUCT = YES;
			};
			name = Release;
		};
		DF5366EE28854E7300C07F42 /* Debug */ = {
			isa = XCBuildConfiguration;
			baseConfigurationReference = 083153BFA6297A6E4A421B7C /* Pods-Netflix.debug.xcconfig */;
			buildSettings = {
				ASSETCATALOG_COMPILER_APPICON_NAME = AppIcon;
				ASSETCATALOG_COMPILER_GLOBAL_ACCENT_COLOR_NAME = AccentColor;
				CODE_SIGN_STYLE = Automatic;
				CURRENT_PROJECT_VERSION = 1;
				DEVELOPMENT_TEAM = UNQVQM5ZA2;
				GENERATE_INFOPLIST_FILE = YES;
				INFOPLIST_FILE = Netflix/Info.plist;
				INFOPLIST_KEY_UIApplicationSupportsIndirectInputEvents = YES;
				INFOPLIST_KEY_UILaunchStoryboardName = LaunchScreen;
				INFOPLIST_KEY_UISupportedInterfaceOrientations_iPad = "UIInterfaceOrientationPortrait UIInterfaceOrientationPortraitUpsideDown UIInterfaceOrientationLandscapeLeft UIInterfaceOrientationLandscapeRight";
				INFOPLIST_KEY_UISupportedInterfaceOrientations_iPhone = "UIInterfaceOrientationPortrait UIInterfaceOrientationLandscapeLeft UIInterfaceOrientationLandscapeRight";
				LD_RUNPATH_SEARCH_PATHS = (
					"$(inherited)",
					"@executable_path/Frameworks",
				);
				MARKETING_VERSION = 1.0;
				PRODUCT_BUNDLE_IDENTIFIER = Practice.Netflix;
				PRODUCT_NAME = "$(TARGET_NAME)";
				SWIFT_EMIT_LOC_STRINGS = YES;
				SWIFT_VERSION = 5.0;
				TARGETED_DEVICE_FAMILY = "1,2";
			};
			name = Debug;
		};
		DF5366EF28854E7300C07F42 /* Release */ = {
			isa = XCBuildConfiguration;
			baseConfigurationReference = F4FA09D3FDDFF9C36084E4F5 /* Pods-Netflix.release.xcconfig */;
			buildSettings = {
				ASSETCATALOG_COMPILER_APPICON_NAME = AppIcon;
				ASSETCATALOG_COMPILER_GLOBAL_ACCENT_COLOR_NAME = AccentColor;
				CODE_SIGN_STYLE = Automatic;
				CURRENT_PROJECT_VERSION = 1;
				DEVELOPMENT_TEAM = UNQVQM5ZA2;
				GENERATE_INFOPLIST_FILE = YES;
				INFOPLIST_FILE = Netflix/Info.plist;
				INFOPLIST_KEY_UIApplicationSupportsIndirectInputEvents = YES;
				INFOPLIST_KEY_UILaunchStoryboardName = LaunchScreen;
				INFOPLIST_KEY_UISupportedInterfaceOrientations_iPad = "UIInterfaceOrientationPortrait UIInterfaceOrientationPortraitUpsideDown UIInterfaceOrientationLandscapeLeft UIInterfaceOrientationLandscapeRight";
				INFOPLIST_KEY_UISupportedInterfaceOrientations_iPhone = "UIInterfaceOrientationPortrait UIInterfaceOrientationLandscapeLeft UIInterfaceOrientationLandscapeRight";
				LD_RUNPATH_SEARCH_PATHS = (
					"$(inherited)",
					"@executable_path/Frameworks",
				);
				MARKETING_VERSION = 1.0;
				PRODUCT_BUNDLE_IDENTIFIER = Practice.Netflix;
				PRODUCT_NAME = "$(TARGET_NAME)";
				SWIFT_EMIT_LOC_STRINGS = YES;
				SWIFT_VERSION = 5.0;
				TARGETED_DEVICE_FAMILY = "1,2";
			};
			name = Release;
		};
/* End XCBuildConfiguration section */

/* Begin XCConfigurationList section */
		DF5366D428854E7300C07F42 /* Build configuration list for PBXProject "Netflix" */ = {
			isa = XCConfigurationList;
			buildConfigurations = (
				DF5366EB28854E7300C07F42 /* Debug */,
				DF5366EC28854E7300C07F42 /* Release */,
			);
			defaultConfigurationIsVisible = 0;
			defaultConfigurationName = Release;
		};
		DF5366ED28854E7300C07F42 /* Build configuration list for PBXNativeTarget "Netflix" */ = {
			isa = XCConfigurationList;
			buildConfigurations = (
				DF5366EE28854E7300C07F42 /* Debug */,
				DF5366EF28854E7300C07F42 /* Release */,
			);
			defaultConfigurationIsVisible = 0;
			defaultConfigurationName = Release;
		};
/* End XCConfigurationList section */
	};
	rootObject = DF5366D128854E7300C07F42 /* Project object */;
}
